
Microsoft Visual Studio Solution File, Format Version 12.00
# Visual Studio 15
Project("{FAE04EC0-301F-11D3-BF4B-00C04F79EFBC}") = "UnityEngine.UI", "UnityEngine.UI.csproj", "{8F7B3A8C-B3AC-5717-35DE-2FA89AF47C94}"
EndProject
Project("{FAE04EC0-301F-11D3-BF4B-00C04F79EFBC}") = "UnityEngine.TestRunner", "UnityEngine.TestRunner.csproj", "{8B4A0170-32EB-B653-EDB0-ED8C430094E9}"
EndProject
Project("{FAE04EC0-301F-11D3-BF4B-00C04F79EFBC}") = "Unity.Timeline", "Unity.Timeline.csproj", "{5A93BE38-7289-8324-425B-0AA964C87AA4}"
EndProject
Project("{FAE04EC0-301F-11D3-BF4B-00C04F79EFBC}") = "Unity.TextMeshPro", "Unity.TextMeshPro.csproj", "{787E339C-9E6F-5C41-C9BD-C85CD8CA99A2}"
EndProject
Project("{FAE04EC0-301F-11D3-BF4B-00C04F79EFBC}") = "Assembly-CSharp", "Assembly-CSharp.csproj", "{C51ABFEF-250B-8ABB-E3DD-16F2BEBE1ED6}"
EndProject
Project("{FAE04EC0-301F-11D3-BF4B-00C04F79EFBC}") = "UnityEditor.TestRunner", "UnityEditor.TestRunner.csproj", "{9638831F-8558-18FA-CA0F-957F64D55EED}"
EndProject
Project("{FAE04EC0-301F-11D3-BF4B-00C04F79EFBC}") = "Unity.PlasticSCM.Editor", "Unity.PlasticSCM.Editor.csproj", "{3C8B7A8F-16BF-41F4-ECCB-D42B3F20CFB1}"
EndProject
Project("{FAE04EC0-301F-11D3-BF4B-00C04F79EFBC}") = "UnityEditor.UI", "UnityEditor.UI.csproj", "{AD69BD23-97C3-C440-7C86-A906C0A0FBCC}"
EndProject
Project("{FAE04EC0-301F-11D3-BF4B-00C04F79EFBC}") = "Unity.Services.Core.Editor", "Unity.Services.Core.Editor.csproj", "{D9600140-63B0-1819-15CC-42D7E4D0E5A2}"
EndProject
Project("{FAE04EC0-301F-11D3-BF4B-00C04F79EFBC}") = "Unity.Timeline.Editor", "Unity.Timeline.Editor.csproj", "{DEDE1732-0F8C-62A4-3CEF-DAADE2A3EA40}"
EndProject
Project("{FAE04EC0-301F-11D3-BF4B-00C04F79EFBC}") = "Unity.VisualStudio.Editor", "Unity.VisualStudio.Editor.csproj", "{DB4B40E1-31CA-34FD-943A-6C3E8B54F6A1}"
EndProject
Project("{FAE04EC0-301F-11D3-BF4B-00C04F79EFBC}") = "Unity.TextMeshPro.Editor", "Unity.TextMeshPro.Editor.csproj", "{FA114CAA-CC3E-5A27-3913-E8501409CE44}"
EndProject
Project("{FAE04EC0-301F-11D3-BF4B-00C04F79EFBC}") = "Unity.CollabProxy.Editor", "Unity.CollabProxy.Editor.csproj", "{A4444774-6F72-D00F-F143-C45F7772F928}"
EndProject
Project("{FAE04EC0-301F-11D3-BF4B-00C04F79EFBC}") = "Unity.Rider.Editor", "Unity.Rider.Editor.csproj", "{764EC65B-1063-3A08-45A0-6B499CBDEFBF}"
EndProject
Project("{FAE04EC0-301F-11D3-BF4B-00C04F79EFBC}") = "Unity.VSCode.Editor", "Unity.VSCode.Editor.csproj", "{61AA456B-F638-839A-D8A6-5C7B6DA670E8}"
EndProject
Project("{FAE04EC0-301F-11D3-BF4B-00C04F79EFBC}") = "UnityEngine.UI", "UnityEngine.UI.Player.csproj", "{5A825451-07E6-CCC8-BB60-A0A650F3E972}"
EndProject
Project("{FAE04EC0-301F-11D3-BF4B-00C04F79EFBC}") = "UnityEngine.TestRunner", "UnityEngine.TestRunner.Player.csproj", "{809E749B-340A-2A73-D2FF-0FCFB8CD6915}"
EndProject
Project("{FAE04EC0-301F-11D3-BF4B-00C04F79EFBC}") = "Unity.Timeline", "Unity.Timeline.Player.csproj", "{75EA418F-466F-1F0E-B96E-3458FF2FCE14}"
EndProject
Project("{FAE04EC0-301F-11D3-BF4B-00C04F79EFBC}") = "Unity.TextMeshPro", "Unity.TextMeshPro.Player.csproj", "{FA1EA2F2-DDC8-05AE-12BE-E643CA3683F9}"
EndProject
Project("{FAE04EC0-301F-11D3-BF4B-00C04F79EFBC}") = "Assembly-CSharp", "Assembly-CSharp.Player.csproj", "{5301320E-1660-84D0-F268-889AB19422CF}"
EndProject
Global
	GlobalSection(SolutionConfigurationPlatforms) = preSolution
		Debug|Any CPU = Debug|Any CPU
		Release|Any CPU = Release|Any CPU
	EndGlobalSection
	GlobalSection(ProjectConfigurationPlatforms) = postSolution
		{8F7B3A8C-B3AC-5717-35DE-2FA89AF47C94}.Debug|Any CPU.ActiveCfg = Debug|Any CPU
		{8F7B3A8C-B3AC-5717-35DE-2FA89AF47C94}.Debug|Any CPU.Build.0 = Debug|Any CPU
		{8F7B3A8C-B3AC-5717-35DE-2FA89AF47C94}.Release|Any CPU.ActiveCfg = Release|Any CPU
		{8F7B3A8C-B3AC-5717-35DE-2FA89AF47C94}.Release|Any CPU.Build.0 = Release|Any CPU
		{8B4A0170-32EB-B653-EDB0-ED8C430094E9}.Debug|Any CPU.ActiveCfg = Debug|Any CPU
		{8B4A0170-32EB-B653-EDB0-ED8C430094E9}.Debug|Any CPU.Build.0 = Debug|Any CPU
		{8B4A0170-32EB-B653-EDB0-ED8C430094E9}.Release|Any CPU.ActiveCfg = Release|Any CPU
		{8B4A0170-32EB-B653-EDB0-ED8C430094E9}.Release|Any CPU.Build.0 = Release|Any CPU
		{5A93BE38-7289-8324-425B-0AA964C87AA4}.Debug|Any CPU.ActiveCfg = Debug|Any CPU
		{5A93BE38-7289-8324-425B-0AA964C87AA4}.Debug|Any CPU.Build.0 = Debug|Any CPU
		{5A93BE38-7289-8324-425B-0AA964C87AA4}.Release|Any CPU.ActiveCfg = Release|Any CPU
		{5A93BE38-7289-8324-425B-0AA964C87AA4}.Release|Any CPU.Build.0 = Release|Any CPU
		{787E339C-9E6F-5C41-C9BD-C85CD8CA99A2}.Debug|Any CPU.ActiveCfg = Debug|Any CPU
		{787E339C-9E6F-5C41-C9BD-C85CD8CA99A2}.Debug|Any CPU.Build.0 = Debug|Any CPU
		{787E339C-9E6F-5C41-C9BD-C85CD8CA99A2}.Release|Any CPU.ActiveCfg = Release|Any CPU
		{787E339C-9E6F-5C41-C9BD-C85CD8CA99A2}.Release|Any CPU.Build.0 = Release|Any CPU
		{C51ABFEF-250B-8ABB-E3DD-16F2BEBE1ED6}.Debug|Any CPU.ActiveCfg = Debug|Any CPU
		{C51ABFEF-250B-8ABB-E3DD-16F2BEBE1ED6}.Debug|Any CPU.Build.0 = Debug|Any CPU
		{C51ABFEF-250B-8ABB-E3DD-16F2BEBE1ED6}.Release|Any CPU.ActiveCfg = Release|Any CPU
		{C51ABFEF-250B-8ABB-E3DD-16F2BEBE1ED6}.Release|Any CPU.Build.0 = Release|Any CPU
		{9638831F-8558-18FA-CA0F-957F64D55EED}.Debug|Any CPU.ActiveCfg = Debug|Any CPU
		{9638831F-8558-18FA-CA0F-957F64D55EED}.Debug|Any CPU.Build.0 = Debug|Any CPU
		{9638831F-8558-18FA-CA0F-957F64D55EED}.Release|Any CPU.ActiveCfg = Release|Any CPU
		{9638831F-8558-18FA-CA0F-957F64D55EED}.Release|Any CPU.Build.0 = Release|Any CPU
		{3C8B7A8F-16BF-41F4-ECCB-D42B3F20CFB1}.Debug|Any CPU.ActiveCfg = Debug|Any CPU
		{3C8B7A8F-16BF-41F4-ECCB-D42B3F20CFB1}.Debug|Any CPU.Build.0 = Debug|Any CPU
		{3C8B7A8F-16BF-41F4-ECCB-D42B3F20CFB1}.Release|Any CPU.ActiveCfg = Release|Any CPU
		{3C8B7A8F-16BF-41F4-ECCB-D42B3F20CFB1}.Release|Any CPU.Build.0 = Release|Any CPU
		{AD69BD23-97C3-C440-7C86-A906C0A0FBCC}.Debug|Any CPU.ActiveCfg = Debug|Any CPU
		{AD69BD23-97C3-C440-7C86-A906C0A0FBCC}.Debug|Any CPU.Build.0 = Debug|Any CPU
		{AD69BD23-97C3-C440-7C86-A906C0A0FBCC}.Release|Any CPU.ActiveCfg = Release|Any CPU
		{AD69BD23-97C3-C440-7C86-A906C0A0FBCC}.Release|Any CPU.Build.0 = Release|Any CPU
		{D9600140-63B0-1819-15CC-42D7E4D0E5A2}.Debug|Any CPU.ActiveCfg = Debug|Any CPU
		{D9600140-63B0-1819-15CC-42D7E4D0E5A2}.Debug|Any CPU.Build.0 = Debug|Any CPU
		{D9600140-63B0-1819-15CC-42D7E4D0E5A2}.Release|Any CPU.ActiveCfg = Release|Any CPU
		{D9600140-63B0-1819-15CC-42D7E4D0E5A2}.Release|Any CPU.Build.0 = Release|Any CPU
		{DEDE1732-0F8C-62A4-3CEF-DAADE2A3EA40}.Debug|Any CPU.ActiveCfg = Debug|Any CPU
		{DEDE1732-0F8C-62A4-3CEF-DAADE2A3EA40}.Debug|Any CPU.Build.0 = Debug|Any CPU
		{DEDE1732-0F8C-62A4-3CEF-DAADE2A3EA40}.Release|Any CPU.ActiveCfg = Release|Any CPU
		{DEDE1732-0F8C-62A4-3CEF-DAADE2A3EA40}.Release|Any CPU.Build.0 = Release|Any CPU
		{DB4B40E1-31CA-34FD-943A-6C3E8B54F6A1}.Debug|Any CPU.ActiveCfg = Debug|Any CPU
		{DB4B40E1-31CA-34FD-943A-6C3E8B54F6A1}.Debug|Any CPU.Build.0 = Debug|Any CPU
		{DB4B40E1-31CA-34FD-943A-6C3E8B54F6A1}.Release|Any CPU.ActiveCfg = Release|Any CPU
		{DB4B40E1-31CA-34FD-943A-6C3E8B54F6A1}.Release|Any CPU.Build.0 = Release|Any CPU
		{FA114CAA-CC3E-5A27-3913-E8501409CE44}.Debug|Any CPU.ActiveCfg = Debug|Any CPU
		{FA114CAA-CC3E-5A27-3913-E8501409CE44}.Debug|Any CPU.Build.0 = Debug|Any CPU
		{FA114CAA-CC3E-5A27-3913-E8501409CE44}.Release|Any CPU.ActiveCfg = Release|Any CPU
		{FA114CAA-CC3E-5A27-3913-E8501409CE44}.Release|Any CPU.Build.0 = Release|Any CPU
		{A4444774-6F72-D00F-F143-C45F7772F928}.Debug|Any CPU.ActiveCfg = Debug|Any CPU
		{A4444774-6F72-D00F-F143-C45F7772F928}.Debug|Any CPU.Build.0 = Debug|Any CPU
		{A4444774-6F72-D00F-F143-C45F7772F928}.Release|Any CPU.ActiveCfg = Release|Any CPU
		{A4444774-6F72-D00F-F143-C45F7772F928}.Release|Any CPU.Build.0 = Release|Any CPU
		{764EC65B-1063-3A08-45A0-6B499CBDEFBF}.Debug|Any CPU.ActiveCfg = Debug|Any CPU
		{764EC65B-1063-3A08-45A0-6B499CBDEFBF}.Debug|Any CPU.Build.0 = Debug|Any CPU
		{764EC65B-1063-3A08-45A0-6B499CBDEFBF}.Release|Any CPU.ActiveCfg = Release|Any CPU
		{764EC65B-1063-3A08-45A0-6B499CBDEFBF}.Release|Any CPU.Build.0 = Release|Any CPU
		{61AA456B-F638-839A-D8A6-5C7B6DA670E8}.Debug|Any CPU.ActiveCfg = Debug|Any CPU
		{61AA456B-F638-839A-D8A6-5C7B6DA670E8}.Debug|Any CPU.Build.0 = Debug|Any CPU
		{61AA456B-F638-839A-D8A6-5C7B6DA670E8}.Release|Any CPU.ActiveCfg = Release|Any CPU
		{61AA456B-F638-839A-D8A6-5C7B6DA670E8}.Release|Any CPU.Build.0 = Release|Any CPU
		{5A825451-07E6-CCC8-BB60-A0A650F3E972}.Debug|Any CPU.ActiveCfg = Debug|Any CPU
		{5A825451-07E6-CCC8-BB60-A0A650F3E972}.Debug|Any CPU.Build.0 = Debug|Any CPU
		{5A825451-07E6-CCC8-BB60-A0A650F3E972}.Release|Any CPU.ActiveCfg = Release|Any CPU
		{5A825451-07E6-CCC8-BB60-A0A650F3E972}.Release|Any CPU.Build.0 = Release|Any CPU
		{809E749B-340A-2A73-D2FF-0FCFB8CD6915}.Debug|Any CPU.ActiveCfg = Debug|Any CPU
		{809E749B-340A-2A73-D2FF-0FCFB8CD6915}.Debug|Any CPU.Build.0 = Debug|Any CPU
		{809E749B-340A-2A73-D2FF-0FCFB8CD6915}.Release|Any CPU.ActiveCfg = Release|Any CPU
		{809E749B-340A-2A73-D2FF-0FCFB8CD6915}.Release|Any CPU.Build.0 = Release|Any CPU
		{75EA418F-466F-1F0E-B96E-3458FF2FCE14}.Debug|Any CPU.ActiveCfg = Debug|Any CPU
		{75EA418F-466F-1F0E-B96E-3458FF2FCE14}.Debug|Any CPU.Build.0 = Debug|Any CPU
		{75EA418F-466F-1F0E-B96E-3458FF2FCE14}.Release|Any CPU.ActiveCfg = Release|Any CPU
		{75EA418F-466F-1F0E-B96E-3458FF2FCE14}.Release|Any CPU.Build.0 = Release|Any CPU
		{FA1EA2F2-DDC8-05AE-12BE-E643CA3683F9}.Debug|Any CPU.ActiveCfg = Debug|Any CPU
		{FA1EA2F2-DDC8-05AE-12BE-E643CA3683F9}.Debug|Any CPU.Build.0 = Debug|Any CPU
		{FA1EA2F2-DDC8-05AE-12BE-E643CA3683F9}.Release|Any CPU.ActiveCfg = Release|Any CPU
		{FA1EA2F2-DDC8-05AE-12BE-E643CA3683F9}.Release|Any CPU.Build.0 = Release|Any CPU
		{5301320E-1660-84D0-F268-889AB19422CF}.Debug|Any CPU.ActiveCfg = Debug|Any CPU
		{5301320E-1660-84D0-F268-889AB19422CF}.Debug|Any CPU.Build.0 = Debug|Any CPU
		{5301320E-1660-84D0-F268-889AB19422CF}.Release|Any CPU.ActiveCfg = Release|Any CPU
		{5301320E-1660-84D0-F268-889AB19422CF}.Release|Any CPU.Build.0 = Release|Any CPU
	EndGlobalSection
	GlobalSection(SolutionProperties) = preSolution
		HideSolutionNode = FALSE
	EndGlobalSection
EndGlobal
